
Microsoft Visual Studio Solution File, Format Version 12.00
# Visual Studio 15
VisualStudioVersion = 15.0.26124.0
MinimumVisualStudioVersion = 15.0.26124.0
Project("{9A19103F-16F7-4668-BE54-9A1E7A4F7556}") = "SimpleUsers.Core", "SimpleUsers.Core\SimpleUsers.Core.csproj", "{04F19314-2D72-4A74-9DB9-B1A979EF92E2}"
EndProject
Project("{9A19103F-16F7-4668-BE54-9A1E7A4F7556}") = "SimpleUsers.WebAPI", "SimpleUsers.WebAPI\SimpleUsers.WebAPI.csproj", "{06CAA591-5588-4107-B2D6-BE0AFA3EA434}"
EndProject
Project("{9A19103F-16F7-4668-BE54-9A1E7A4F7556}") = "SimpleUsers.Tests", "SimpleUsers.Tests\SimpleUsers.Tests.csproj", "{7C57DA88-0BEE-4E89-94B9-18AA97B4C0E9}"
EndProject
Global
	GlobalSection(SolutionConfigurationPlatforms) = preSolution
		Debug|Any CPU = Debug|Any CPU
		Debug|x64 = Debug|x64
		Debug|x86 = Debug|x86
		Release|Any CPU = Release|Any CPU
		Release|x64 = Release|x64
		Release|x86 = Release|x86
	EndGlobalSection
	GlobalSection(ProjectConfigurationPlatforms) = postSolution
		{04F19314-2D72-4A74-9DB9-B1A979EF92E2}.Debug|Any CPU.ActiveCfg = Debug|Any CPU
		{04F19314-2D72-4A74-9DB9-B1A979EF92E2}.Debug|Any CPU.Build.0 = Debug|Any CPU
		{04F19314-2D72-4A74-9DB9-B1A979EF92E2}.Debug|x64.ActiveCfg = Debug|Any CPU
		{04F19314-2D72-4A74-9DB9-B1A979EF92E2}.Debug|x64.Build.0 = Debug|Any CPU
		{04F19314-2D72-4A74-9DB9-B1A979EF92E2}.Debug|x86.ActiveCfg = Debug|Any CPU
		{04F19314-2D72-4A74-9DB9-B1A979EF92E2}.Debug|x86.Build.0 = Debug|Any CPU
		{04F19314-2D72-4A74-9DB9-B1A979EF92E2}.Release|Any CPU.ActiveCfg = Release|Any CPU
		{04F19314-2D72-4A74-9DB9-B1A979EF92E2}.Release|Any CPU.Build.0 = Release|Any CPU
		{04F19314-2D72-4A74-9DB9-B1A979EF92E2}.Release|x64.ActiveCfg = Release|Any CPU
		{04F19314-2D72-4A74-9DB9-B1A979EF92E2}.Release|x64.Build.0 = Release|Any CPU
		{04F19314-2D72-4A74-9DB9-B1A979EF92E2}.Release|x86.ActiveCfg = Release|Any CPU
		{04F19314-2D72-4A74-9DB9-B1A979EF92E2}.Release|x86.Build.0 = Release|Any CPU
		{06CAA591-5588-4107-B2D6-BE0AFA3EA434}.Debug|Any CPU.ActiveCfg = Debug|Any CPU
		{06CAA591-5588-4107-B2D6-BE0AFA3EA434}.Debug|Any CPU.Build.0 = Debug|Any CPU
		{06CAA591-5588-4107-B2D6-BE0AFA3EA434}.Debug|x64.ActiveCfg = Debug|Any CPU
		{06CAA591-5588-4107-B2D6-BE0AFA3EA434}.Debug|x64.Build.0 = Debug|Any CPU
		{06CAA591-5588-4107-B2D6-BE0AFA3EA434}.Debug|x86.ActiveCfg = Debug|Any CPU
		{06CAA591-5588-4107-B2D6-BE0AFA3EA434}.Debug|x86.Build.0 = Debug|Any CPU
		{06CAA591-5588-4107-B2D6-BE0AFA3EA434}.Release|Any CPU.ActiveCfg = Release|Any CPU
		{06CAA591-5588-4107-B2D6-BE0AFA3EA434}.Release|Any CPU.Build.0 = Release|Any CPU
		{06CAA591-5588-4107-B2D6-BE0AFA3EA434}.Release|x64.ActiveCfg = Release|Any CPU
		{06CAA591-5588-4107-B2D6-BE0AFA3EA434}.Release|x64.Build.0 = Release|Any CPU
		{06CAA591-5588-4107-B2D6-BE0AFA3EA434}.Release|x86.ActiveCfg = Release|Any CPU
		{06CAA591-5588-4107-B2D6-BE0AFA3EA434}.Release|x86.Build.0 = Release|Any CPU
		{7C57DA88-0BEE-4E89-94B9-18AA97B4C0E9}.Debug|Any CPU.ActiveCfg = Debug|Any CPU
		{7C57DA88-0BEE-4E89-94B9-18AA97B4C0E9}.Debug|Any CPU.Build.0 = Debug|Any CPU
		{7C57DA88-0BEE-4E89-94B9-18AA97B4C0E9}.Debug|x64.ActiveCfg = Debug|Any CPU
		{7C57DA88-0BEE-4E89-94B9-18AA97B4C0E9}.Debug|x64.Build.0 = Debug|Any CPU
		{7C57DA88-0BEE-4E89-94B9-18AA97B4C0E9}.Debug|x86.ActiveCfg = Debug|Any CPU
		{7C57DA88-0BEE-4E89-94B9-18AA97B4C0E9}.Debug|x86.Build.0 = Debug|Any CPU
		{7C57DA88-0BEE-4E89-94B9-18AA97B4C0E9}.Release|Any CPU.ActiveCfg = Release|Any CPU
		{7C57DA88-0BEE-4E89-94B9-18AA97B4C0E9}.Release|Any CPU.Build.0 = Release|Any CPU
		{7C57DA88-0BEE-4E89-94B9-18AA97B4C0E9}.Release|x64.ActiveCfg = Release|Any CPU
		{7C57DA88-0BEE-4E89-94B9-18AA97B4C0E9}.Release|x64.Build.0 = Release|Any CPU
		{7C57DA88-0BEE-4E89-94B9-18AA97B4C0E9}.Release|x86.ActiveCfg = Release|Any CPU
		{7C57DA88-0BEE-4E89-94B9-18AA97B4C0E9}.Release|x86.Build.0 = Release|Any CPU
	EndGlobalSection
	GlobalSection(SolutionProperties) = preSolution
		HideSolutionNode = FALSE
	EndGlobalSection
	GlobalSection(ExtensibilityGlobals) = postSolution
		SolutionGuid = {E423F30D-663B-4A46-94C3-8CD7741D3F37}
	EndGlobalSection
EndGlobal
